// !$*UTF8*$!
{
	archiveVersion = 1;
	classes = {
	};
	objectVersion = 55;
	objects = {

/* Begin PBXBuildFile section */
		F872E2C228244E3800F48BBE /* ExamplesApp.swift in Sources */ = {isa = PBXBuildFile; fileRef = F872E2C128244E3800F48BBE /* ExamplesApp.swift */; };
		F872E2C428244E3800F48BBE /* Examples+Demo.swift in Sources */ = {isa = PBXBuildFile; fileRef = F872E2C328244E3800F48BBE /* Examples+Demo.swift */; };
		F872E2C628244E3900F48BBE /* Assets.xcassets in Resources */ = {isa = PBXBuildFile; fileRef = F872E2C528244E3900F48BBE /* Assets.xcassets */; };
		F8B55273282451A7006C2729 /* SwiftUITheme in Frameworks */ = {isa = PBXBuildFile; productRef = F8B55272282451A7006C2729 /* SwiftUITheme */; };
		F8B55275282451FE006C2729 /* Examples+DesignSystem.swift in Sources */ = {isa = PBXBuildFile; fileRef = F8B55274282451FE006C2729 /* Examples+DesignSystem.swift */; };
		F8D17C462827EE5B00713E1C /* Roboto-ThinItalic.ttf in Resources */ = {isa = PBXBuildFile; fileRef = F8D17C3A2827EE5B00713E1C /* Roboto-ThinItalic.ttf */; };
		F8D17C472827EE5B00713E1C /* Roboto-Bold.ttf in Resources */ = {isa = PBXBuildFile; fileRef = F8D17C3B2827EE5B00713E1C /* Roboto-Bold.ttf */; };
		F8D17C482827EE5B00713E1C /* Roboto-MediumItalic.ttf in Resources */ = {isa = PBXBuildFile; fileRef = F8D17C3C2827EE5B00713E1C /* Roboto-MediumItalic.ttf */; };
		F8D17C492827EE5B00713E1C /* Roboto-Black.ttf in Resources */ = {isa = PBXBuildFile; fileRef = F8D17C3D2827EE5B00713E1C /* Roboto-Black.ttf */; };
		F8D17C4A2827EE5B00713E1C /* Roboto-BlackItalic.ttf in Resources */ = {isa = PBXBuildFile; fileRef = F8D17C3E2827EE5B00713E1C /* Roboto-BlackItalic.ttf */; };
		F8D17C4B2827EE5B00713E1C /* Roboto-Italic.ttf in Resources */ = {isa = PBXBuildFile; fileRef = F8D17C3F2827EE5B00713E1C /* Roboto-Italic.ttf */; };
		F8D17C4C2827EE5B00713E1C /* Roboto-BoldItalic.ttf in Resources */ = {isa = PBXBuildFile; fileRef = F8D17C402827EE5B00713E1C /* Roboto-BoldItalic.ttf */; };
		F8D17C4D2827EE5B00713E1C /* Roboto-Light.ttf in Resources */ = {isa = PBXBuildFile; fileRef = F8D17C412827EE5B00713E1C /* Roboto-Light.ttf */; };
		F8D17C4E2827EE5B00713E1C /* Roboto-LightItalic.ttf in Resources */ = {isa = PBXBuildFile; fileRef = F8D17C422827EE5B00713E1C /* Roboto-LightItalic.ttf */; };
		F8D17C4F2827EE5B00713E1C /* Roboto-Regular.ttf in Resources */ = {isa = PBXBuildFile; fileRef = F8D17C432827EE5B00713E1C /* Roboto-Regular.ttf */; };
		F8D17C502827EE5B00713E1C /* Roboto-Thin.ttf in Resources */ = {isa = PBXBuildFile; fileRef = F8D17C442827EE5B00713E1C /* Roboto-Thin.ttf */; };
		F8D17C512827EE5B00713E1C /* Roboto-Medium.ttf in Resources */ = {isa = PBXBuildFile; fileRef = F8D17C452827EE5B00713E1C /* Roboto-Medium.ttf */; };
		F8D17C542827EE7B00713E1C /* Roboto.plist in Resources */ = {isa = PBXBuildFile; fileRef = F8D17C532827EE7B00713E1C /* Roboto.plist */; };
/* End PBXBuildFile section */

/* Begin PBXFileReference section */
		F872E2BE28244E3800F48BBE /* Examples.app */ = {isa = PBXFileReference; explicitFileType = wrapper.application; includeInIndex = 0; path = Examples.app; sourceTree = BUILT_PRODUCTS_DIR; };
		F872E2C128244E3800F48BBE /* ExamplesApp.swift */ = {isa = PBXFileReference; lastKnownFileType = sourcecode.swift; path = ExamplesApp.swift; sourceTree = "<group>"; };
		F872E2C328244E3800F48BBE /* Examples+Demo.swift */ = {isa = PBXFileReference; lastKnownFileType = sourcecode.swift; path = "Examples+Demo.swift"; sourceTree = "<group>"; };
		F872E2C528244E3900F48BBE /* Assets.xcassets */ = {isa = PBXFileReference; lastKnownFileType = folder.assetcatalog; path = Assets.xcassets; sourceTree = "<group>"; };
		F8B5527028245133006C2729 /* swiftui-theme */ = {isa = PBXFileReference; lastKnownFileType = wrapper; name = "swiftui-theme"; path = ..; sourceTree = "<group>"; };
		F8B55274282451FE006C2729 /* Examples+DesignSystem.swift */ = {isa = PBXFileReference; lastKnownFileType = sourcecode.swift; path = "Examples+DesignSystem.swift"; sourceTree = "<group>"; };
		F8D17C3A2827EE5B00713E1C /* Roboto-ThinItalic.ttf */ = {isa = PBXFileReference; lastKnownFileType = file; path = "Roboto-ThinItalic.ttf"; sourceTree = "<group>"; };
		F8D17C3B2827EE5B00713E1C /* Roboto-Bold.ttf */ = {isa = PBXFileReference; lastKnownFileType = file; path = "Roboto-Bold.ttf"; sourceTree = "<group>"; };
		F8D17C3C2827EE5B00713E1C /* Roboto-MediumItalic.ttf */ = {isa = PBXFileReference; lastKnownFileType = file; path = "Roboto-MediumItalic.ttf"; sourceTree = "<group>"; };
		F8D17C3D2827EE5B00713E1C /* Roboto-Black.ttf */ = {isa = PBXFileReference; lastKnownFileType = file; path = "Roboto-Black.ttf"; sourceTree = "<group>"; };
		F8D17C3E2827EE5B00713E1C /* Roboto-BlackItalic.ttf */ = {isa = PBXFileReference; lastKnownFileType = file; path = "Roboto-BlackItalic.ttf"; sourceTree = "<group>"; };
		F8D17C3F2827EE5B00713E1C /* Roboto-Italic.ttf */ = {isa = PBXFileReference; lastKnownFileType = file; path = "Roboto-Italic.ttf"; sourceTree = "<group>"; };
		F8D17C402827EE5B00713E1C /* Roboto-BoldItalic.ttf */ = {isa = PBXFileReference; lastKnownFileType = file; path = "Roboto-BoldItalic.ttf"; sourceTree = "<group>"; };
		F8D17C412827EE5B00713E1C /* Roboto-Light.ttf */ = {isa = PBXFileReference; lastKnownFileType = file; path = "Roboto-Light.ttf"; sourceTree = "<group>"; };
		F8D17C422827EE5B00713E1C /* Roboto-LightItalic.ttf */ = {isa = PBXFileReference; lastKnownFileType = file; path = "Roboto-LightItalic.ttf"; sourceTree = "<group>"; };
		F8D17C432827EE5B00713E1C /* Roboto-Regular.ttf */ = {isa = PBXFileReference; lastKnownFileType = file; path = "Roboto-Regular.ttf"; sourceTree = "<group>"; };
		F8D17C442827EE5B00713E1C /* Roboto-Thin.ttf */ = {isa = PBXFileReference; lastKnownFileType = file; path = "Roboto-Thin.ttf"; sourceTree = "<group>"; };
		F8D17C452827EE5B00713E1C /* Roboto-Medium.ttf */ = {isa = PBXFileReference; lastKnownFileType = file; path = "Roboto-Medium.ttf"; sourceTree = "<group>"; };
		F8D17C532827EE7B00713E1C /* Roboto.plist */ = {isa = PBXFileReference; lastKnownFileType = text.plist.xml; path = Roboto.plist; sourceTree = "<group>"; };
/* End PBXFileReference section */

/* Begin PBXFrameworksBuildPhase section */
		F872E2BB28244E3800F48BBE /* Frameworks */ = {
			isa = PBXFrameworksBuildPhase;
			buildActionMask = 2147483647;
			files = (
				F8B55273282451A7006C2729 /* SwiftUITheme in Frameworks */,
			);
			runOnlyForDeploymentPostprocessing = 0;
		};
/* End PBXFrameworksBuildPhase section */

/* Begin PBXGroup section */
		F872E2B528244E3800F48BBE = {
			isa = PBXGroup;
			children = (
				F8B5527028245133006C2729 /* swiftui-theme */,
				F872E2C328244E3800F48BBE /* Examples+Demo.swift */,
				F8B55274282451FE006C2729 /* Examples+DesignSystem.swift */,
				F872E2C128244E3800F48BBE /* ExamplesApp.swift */,
				F872E2C528244E3900F48BBE /* Assets.xcassets */,
				F8D17C392827EE2E00713E1C /* Fonts */,
				F8B55271282451A7006C2729 /* Frameworks */,
				F872E2BF28244E3800F48BBE /* Products */,
			);
			sourceTree = "<group>";
		};
		F872E2BF28244E3800F48BBE /* Products */ = {
			isa = PBXGroup;
			children = (
				F872E2BE28244E3800F48BBE /* Examples.app */,
			);
			name = Products;
			sourceTree = "<group>";
		};
		F8B55271282451A7006C2729 /* Frameworks */ = {
			isa = PBXGroup;
			children = (
			);
			name = Frameworks;
			sourceTree = "<group>";
		};
		F8D17C392827EE2E00713E1C /* Fonts */ = {
			isa = PBXGroup;
			children = (
				F8D17C522827EE6200713E1C /* Roboto */,
			);
			path = Fonts;
			sourceTree = "<group>";
		};
		F8D17C522827EE6200713E1C /* Roboto */ = {
			isa = PBXGroup;
			children = (
				F8D17C3D2827EE5B00713E1C /* Roboto-Black.ttf */,
				F8D17C3E2827EE5B00713E1C /* Roboto-BlackItalic.ttf */,
				F8D17C3B2827EE5B00713E1C /* Roboto-Bold.ttf */,
				F8D17C402827EE5B00713E1C /* Roboto-BoldItalic.ttf */,
				F8D17C3F2827EE5B00713E1C /* Roboto-Italic.ttf */,
				F8D17C412827EE5B00713E1C /* Roboto-Light.ttf */,
				F8D17C422827EE5B00713E1C /* Roboto-LightItalic.ttf */,
				F8D17C452827EE5B00713E1C /* Roboto-Medium.ttf */,
				F8D17C3C2827EE5B00713E1C /* Roboto-MediumItalic.ttf */,
				F8D17C432827EE5B00713E1C /* Roboto-Regular.ttf */,
				F8D17C442827EE5B00713E1C /* Roboto-Thin.ttf */,
				F8D17C3A2827EE5B00713E1C /* Roboto-ThinItalic.ttf */,
				F8D17C532827EE7B00713E1C /* Roboto.plist */,
			);
			path = Roboto;
			sourceTree = "<group>";
		};
/* End PBXGroup section */

/* Begin PBXNativeTarget section */
		F872E2BD28244E3800F48BBE /* Examples */ = {
			isa = PBXNativeTarget;
			buildConfigurationList = F872E2CC28244E3900F48BBE /* Build configuration list for PBXNativeTarget "Examples" */;
			buildPhases = (
				F872E2BA28244E3800F48BBE /* Sources */,
				F872E2BB28244E3800F48BBE /* Frameworks */,
				F872E2BC28244E3800F48BBE /* Resources */,
			);
			buildRules = (
			);
			dependencies = (
			);
			name = Examples;
			packageProductDependencies = (
				F8B55272282451A7006C2729 /* SwiftUITheme */,
			);
			productName = Examples;
			productReference = F872E2BE28244E3800F48BBE /* Examples.app */;
			productType = "com.apple.product-type.application";
		};
/* End PBXNativeTarget section */

/* Begin PBXProject section */
		F872E2B628244E3800F48BBE /* Project object */ = {
			isa = PBXProject;
			attributes = {
				BuildIndependentTargetsInParallel = 1;
				LastSwiftUpdateCheck = 1330;
				LastUpgradeCheck = 1330;
				TargetAttributes = {
					F872E2BD28244E3800F48BBE = {
						CreatedOnToolsVersion = 13.3;
					};
				};
			};
			buildConfigurationList = F872E2B928244E3800F48BBE /* Build configuration list for PBXProject "Examples" */;
			compatibilityVersion = "Xcode 13.0";
			developmentRegion = en;
			hasScannedForEncodings = 0;
			knownRegions = (
				en,
				Base,
			);
			mainGroup = F872E2B528244E3800F48BBE;
			productRefGroup = F872E2BF28244E3800F48BBE /* Products */;
			projectDirPath = "";
			projectRoot = "";
			targets = (
				F872E2BD28244E3800F48BBE /* Examples */,
			);
		};
/* End PBXProject section */

/* Begin PBXResourcesBuildPhase section */
		F872E2BC28244E3800F48BBE /* Resources */ = {
			isa = PBXResourcesBuildPhase;
			buildActionMask = 2147483647;
			files = (
				F8D17C512827EE5B00713E1C /* Roboto-Medium.ttf in Resources */,
				F8D17C482827EE5B00713E1C /* Roboto-MediumItalic.ttf in Resources */,
				F8D17C4F2827EE5B00713E1C /* Roboto-Regular.ttf in Resources */,
				F8D17C4A2827EE5B00713E1C /* Roboto-BlackItalic.ttf in Resources */,
				F8D17C4E2827EE5B00713E1C /* Roboto-LightItalic.ttf in Resources */,
				F8D17C4C2827EE5B00713E1C /* Roboto-BoldItalic.ttf in Resources */,
				F8D17C462827EE5B00713E1C /* Roboto-ThinItalic.ttf in Resources */,
				F8D17C492827EE5B00713E1C /* Roboto-Black.ttf in Resources */,
				F8D17C4B2827EE5B00713E1C /* Roboto-Italic.ttf in Resources */,
				F8D17C542827EE7B00713E1C /* Roboto.plist in Resources */,
				F8D17C502827EE5B00713E1C /* Roboto-Thin.ttf in Resources */,
				F872E2C628244E3900F48BBE /* Assets.xcassets in Resources */,
				F8D17C472827EE5B00713E1C /* Roboto-Bold.ttf in Resources */,
				F8D17C4D2827EE5B00713E1C /* Roboto-Light.ttf in Resources */,
			);
			runOnlyForDeploymentPostprocessing = 0;
		};
/* End PBXResourcesBuildPhase section */

/* Begin PBXSourcesBuildPhase section */
		F872E2BA28244E3800F48BBE /* Sources */ = {
			isa = PBXSourcesBuildPhase;
			buildActionMask = 2147483647;
			files = (
				F8B55275282451FE006C2729 /* Examples+DesignSystem.swift in Sources */,
				F872E2C428244E3800F48BBE /* Examples+Demo.swift in Sources */,
				F872E2C228244E3800F48BBE /* ExamplesApp.swift in Sources */,
			);
			runOnlyForDeploymentPostprocessing = 0;
		};
/* End PBXSourcesBuildPhase section */

/* Begin XCBuildConfiguration section */
		F872E2CA28244E3900F48BBE /* Debug */ = {
			isa = XCBuildConfiguration;
			buildSettings = {
				ALWAYS_SEARCH_USER_PATHS = NO;
				CLANG_ANALYZER_NONNULL = YES;
				CLANG_ANALYZER_NUMBER_OBJECT_CONVERSION = YES_AGGRESSIVE;
				CLANG_CXX_LANGUAGE_STANDARD = "gnu++17";
				CLANG_ENABLE_MODULES = YES;
				CLANG_ENABLE_OBJC_ARC = YES;
				CLANG_ENABLE_OBJC_WEAK = YES;
				CLANG_WARN_BLOCK_CAPTURE_AUTORELEASING = YES;
				CLANG_WARN_BOOL_CONVERSION = YES;
				CLANG_WARN_COMMA = YES;
				CLANG_WARN_CONSTANT_CONVERSION = YES;
				CLANG_WARN_DEPRECATED_OBJC_IMPLEMENTATIONS = YES;
				CLANG_WARN_DIRECT_OBJC_ISA_USAGE = YES_ERROR;
				CLANG_WARN_DOCUMENTATION_COMMENTS = YES;
				CLANG_WARN_EMPTY_BODY = YES;
				CLANG_WARN_ENUM_CONVERSION = YES;
				CLANG_WARN_INFINITE_RECURSION = YES;
				CLANG_WARN_INT_CONVERSION = YES;
				CLANG_WARN_NON_LITERAL_NULL_CONVERSION = YES;
				CLANG_WARN_OBJC_IMPLICIT_RETAIN_SELF = YES;
				CLANG_WARN_OBJC_LITERAL_CONVERSION = YES;
				CLANG_WARN_OBJC_ROOT_CLASS = YES_ERROR;
				CLANG_WARN_QUOTED_INCLUDE_IN_FRAMEWORK_HEADER = YES;
				CLANG_WARN_RANGE_LOOP_ANALYSIS = YES;
				CLANG_WARN_STRICT_PROTOTYPES = YES;
				CLANG_WARN_SUSPICIOUS_MOVE = YES;
				CLANG_WARN_UNGUARDED_AVAILABILITY = YES_AGGRESSIVE;
				CLANG_WARN_UNREACHABLE_CODE = YES;
				CLANG_WARN__DUPLICATE_METHOD_MATCH = YES;
				COPY_PHASE_STRIP = NO;
				DEBUG_INFORMATION_FORMAT = dwarf;
				ENABLE_STRICT_OBJC_MSGSEND = YES;
				ENABLE_TESTABILITY = YES;
				GCC_C_LANGUAGE_STANDARD = gnu11;
				GCC_DYNAMIC_NO_PIC = NO;
				GCC_NO_COMMON_BLOCKS = YES;
				GCC_OPTIMIZATION_LEVEL = 0;
				GCC_PREPROCESSOR_DEFINITIONS = (
					"DEBUG=1",
					"$(inherited)",
				);
				GCC_WARN_64_TO_32_BIT_CONVERSION = YES;
				GCC_WARN_ABOUT_RETURN_TYPE = YES_ERROR;
				GCC_WARN_UNDECLARED_SELECTOR = YES;
				GCC_WARN_UNINITIALIZED_AUTOS = YES_AGGRESSIVE;
				GCC_WARN_UNUSED_FUNCTION = YES;
				GCC_WARN_UNUSED_VARIABLE = YES;
				IPHONEOS_DEPLOYMENT_TARGET = 14.0;
				MTL_ENABLE_DEBUG_INFO = INCLUDE_SOURCE;
				MTL_FAST_MATH = YES;
				ONLY_ACTIVE_ARCH = YES;
				SDKROOT = iphoneos;
				SWIFT_ACTIVE_COMPILATION_CONDITIONS = DEBUG;
				SWIFT_OPTIMIZATION_LEVEL = "-Onone";
			};
			name = Debug;
		};
		F872E2CB28244E3900F48BBE /* Release */ = {
			isa = XCBuildConfiguration;
			buildSettings = {
				ALWAYS_SEARCH_USER_PATHS = NO;
				CLANG_ANALYZER_NONNULL = YES;
				CLANG_ANALYZER_NUMBER_OBJECT_CONVERSION = YES_AGGRESSIVE;
				CLANG_CXX_LANGUAGE_STANDARD = "gnu++17";
				CLANG_ENABLE_MODULES = YES;
				CLANG_ENABLE_OBJC_ARC = YES;
				CLANG_ENABLE_OBJC_WEAK = YES;
				CLANG_WARN_BLOCK_CAPTURE_AUTORELEASING = YES;
				CLANG_WARN_BOOL_CONVERSION = YES;
				CLANG_WARN_COMMA = YES;
				CLANG_WARN_CONSTANT_CONVERSION = YES;
				CLANG_WARN_DEPRECATED_OBJC_IMPLEMENTATIONS = YES;
				CLANG_WARN_DIRECT_OBJC_ISA_USAGE = YES_ERROR;
				CLANG_WARN_DOCUMENTATION_COMMENTS = YES;
				CLANG_WARN_EMPTY_BODY = YES;
				CLANG_WARN_ENUM_CONVERSION = YES;
				CLANG_WARN_INFINITE_RECURSION = YES;
				CLANG_WARN_INT_CONVERSION = YES;
				CLANG_WARN_NON_LITERAL_NULL_CONVERSION = YES;
				CLANG_WARN_OBJC_IMPLICIT_RETAIN_SELF = YES;
				CLANG_WARN_OBJC_LITERAL_CONVERSION = YES;
				CLANG_WARN_OBJC_ROOT_CLASS = YES_ERROR;
				CLANG_WARN_QUOTED_INCLUDE_IN_FRAMEWORK_HEADER = YES;
				CLANG_WARN_RANGE_LOOP_ANALYSIS = YES;
				CLANG_WARN_STRICT_PROTOTYPES = YES;
				CLANG_WARN_SUSPICIOUS_MOVE = YES;
				CLANG_WARN_UNGUARDED_AVAILABILITY = YES_AGGRESSIVE;
				CLANG_WARN_UNREACHABLE_CODE = YES;
				CLANG_WARN__DUPLICATE_METHOD_MATCH = YES;
				COPY_PHASE_STRIP = NO;
				DEBUG_INFORMATION_FORMAT = "dwarf-with-dsym";
				ENABLE_NS_ASSERTIONS = NO;
				ENABLE_STRICT_OBJC_MSGSEND = YES;
				GCC_C_LANGUAGE_STANDARD = gnu11;
				GCC_NO_COMMON_BLOCKS = YES;
				GCC_WARN_64_TO_32_BIT_CONVERSION = YES;
				GCC_WARN_ABOUT_RETURN_TYPE = YES_ERROR;
				GCC_WARN_UNDECLARED_SELECTOR = YES;
				GCC_WARN_UNINITIALIZED_AUTOS = YES_AGGRESSIVE;
				GCC_WARN_UNUSED_FUNCTION = YES;
				GCC_WARN_UNUSED_VARIABLE = YES;
				IPHONEOS_DEPLOYMENT_TARGET = 14.0;
				MTL_ENABLE_DEBUG_INFO = NO;
				MTL_FAST_MATH = YES;
				SDKROOT = iphoneos;
				SWIFT_COMPILATION_MODE = wholemodule;
				SWIFT_OPTIMIZATION_LEVEL = "-O";
				VALIDATE_PRODUCT = YES;
			};
			name = Release;
		};
		F872E2CD28244E3900F48BBE /* Debug */ = {
			isa = XCBuildConfiguration;
			buildSettings = {
				ASSETCATALOG_COMPILER_APPICON_NAME = AppIcon;
				CODE_SIGN_STYLE = Automatic;
				CURRENT_PROJECT_VERSION = 1;
				DEVELOPMENT_ASSET_PATHS = "";
				DEVELOPMENT_TEAM = 23A3PS5QB5;
				ENABLE_PREVIEWS = YES;
				GENERATE_INFOPLIST_FILE = YES;
				INFOPLIST_KEY_UIApplicationSceneManifest_Generation = YES;
				INFOPLIST_KEY_UIApplicationSupportsIndirectInputEvents = YES;
				INFOPLIST_KEY_UILaunchScreen_Generation = YES;
				INFOPLIST_KEY_UISupportedInterfaceOrientations_iPad = "UIInterfaceOrientationPortrait UIInterfaceOrientationPortraitUpsideDown UIInterfaceOrientationLandscapeLeft UIInterfaceOrientationLandscapeRight";
				INFOPLIST_KEY_UISupportedInterfaceOrientations_iPhone = "UIInterfaceOrientationPortrait UIInterfaceOrientationLandscapeLeft UIInterfaceOrientationLandscapeRight";
				LD_RUNPATH_SEARCH_PATHS = (
					"$(inherited)",
					"@executable_path/Frameworks",
				);
				MARKETING_VERSION = 1.0;
				PRODUCT_BUNDLE_IDENTIFIER = com.jtouzy.Examples;
				PRODUCT_NAME = "$(TARGET_NAME)";
				SWIFT_EMIT_LOC_STRINGS = YES;
				SWIFT_VERSION = 5.0;
				TARGETED_DEVICE_FAMILY = "1,2";
			};
			name = Debug;
		};
		F872E2CE28244E3900F48BBE /* Release */ = {
			isa = XCBuildConfiguration;
			buildSettings = {
				ASSETCATALOG_COMPILER_APPICON_NAME = AppIcon;
				CODE_SIGN_STYLE = Automatic;
				CURRENT_PROJECT_VERSION = 1;
				DEVELOPMENT_ASSET_PATHS = "";
				DEVELOPMENT_TEAM = 23A3PS5QB5;
				ENABLE_PREVIEWS = YES;
				GENERATE_INFOPLIST_FILE = YES;
				INFOPLIST_KEY_UIApplicationSceneManifest_Generation = YES;
				INFOPLIST_KEY_UIApplicationSupportsIndirectInputEvents = YES;
				INFOPLIST_KEY_UILaunchScreen_Generation = YES;
				INFOPLIST_KEY_UISupportedInterfaceOrientations_iPad = "UIInterfaceOrientationPortrait UIInterfaceOrientationPortraitUpsideDown UIInterfaceOrientationLandscapeLeft UIInterfaceOrientationLandscapeRight";
				INFOPLIST_KEY_UISupportedInterfaceOrientations_iPhone = "UIInterfaceOrientationPortrait UIInterfaceOrientationLandscapeLeft UIInterfaceOrientationLandscapeRight";
				LD_RUNPATH_SEARCH_PATHS = (
					"$(inherited)",
					"@executable_path/Frameworks",
				);
				MARKETING_VERSION = 1.0;
				PRODUCT_BUNDLE_IDENTIFIER = com.jtouzy.Examples;
				PRODUCT_NAME = "$(TARGET_NAME)";
				SWIFT_EMIT_LOC_STRINGS = YES;
				SWIFT_VERSION = 5.0;
				TARGETED_DEVICE_FAMILY = "1,2";
			};
			name = Release;
		};
/* End XCBuildConfiguration section */

/* Begin XCConfigurationList section */
		F872E2B928244E3800F48BBE /* Build configuration list for PBXProject "Examples" */ = {
			isa = XCConfigurationList;
			buildConfigurations = (
				F872E2CA28244E3900F48BBE /* Debug */,
				F872E2CB28244E3900F48BBE /* Release */,
			);
			defaultConfigurationIsVisible = 0;
			defaultConfigurationName = Release;
		};
		F872E2CC28244E3900F48BBE /* Build configuration list for PBXNativeTarget "Examples" */ = {
			isa = XCConfigurationList;
			buildConfigurations = (
				F872E2CD28244E3900F48BBE /* Debug */,
				F872E2CE28244E3900F48BBE /* Release */,
			);
			defaultConfigurationIsVisible = 0;
			defaultConfigurationName = Release;
		};
/* End XCConfigurationList section */

/* Begin XCSwiftPackageProductDependency section */
		F8B55272282451A7006C2729 /* SwiftUITheme */ = {
			isa = XCSwiftPackageProductDependency;
			productName = SwiftUITheme;
		};
/* End XCSwiftPackageProductDependency section */
	};
	rootObject = F872E2B628244E3800F48BBE /* Project object */;
}
